// !$*UTF8*$!
{
	archiveVersion = 1;
	classes = {
	};
	objectVersion = 51;
	objects = {

/* Begin PBXBuildFile section */
		48BB8E80263072E200048794 /* AppDelegate.swift in Sources */ = {isa = PBXBuildFile; fileRef = 48BB8E7F263072E200048794 /* AppDelegate.swift */; };
		48BB8E82263072E200048794 /* SceneDelegate.swift in Sources */ = {isa = PBXBuildFile; fileRef = 48BB8E81263072E200048794 /* SceneDelegate.swift */; };
		48BB8E84263072E200048794 /* ViewController.swift in Sources */ = {isa = PBXBuildFile; fileRef = 48BB8E83263072E200048794 /* ViewController.swift */; };
		48BB8E87263072E200048794 /* Main.storyboard in Resources */ = {isa = PBXBuildFile; fileRef = 48BB8E85263072E200048794 /* Main.storyboard */; };
		48BB8E89263072E200048794 /* Assets.xcassets in Resources */ = {isa = PBXBuildFile; fileRef = 48BB8E88263072E200048794 /* Assets.xcassets */; };
		48BB8E8C263072E200048794 /* LaunchScreen.storyboard in Resources */ = {isa = PBXBuildFile; fileRef = 48BB8E8A263072E200048794 /* LaunchScreen.storyboard */; };
		48BB8E9A2631B98D00048794 /* LocationViewController.swift in Sources */ = {isa = PBXBuildFile; fileRef = 48BB8E992631B98D00048794 /* LocationViewController.swift */; };
		48BB8E9D2631D82100048794 /* AddLocationViewController.swift in Sources */ = {isa = PBXBuildFile; fileRef = 48BB8E9C2631D82100048794 /* AddLocationViewController.swift */; };
		48BB8EA02631EE7000048794 /* LocationDetailsViewController.swift in Sources */ = {isa = PBXBuildFile; fileRef = 48BB8E9F2631EE7000048794 /* LocationDetailsViewController.swift */; };
		54D353D91AFF7F36CB7BE67B /* Pods_BLAK.framework in Frameworks */ = {isa = PBXBuildFile; fileRef = CCD9B2BC23E7962CF6E64D16 /* Pods_BLAK.framework */; };
/* End PBXBuildFile section */

/* Begin PBXFileReference section */
		48BB8E7C263072E200048794 /* BLAK.app */ = {isa = PBXFileReference; explicitFileType = wrapper.application; includeInIndex = 0; path = BLAK.app; sourceTree = BUILT_PRODUCTS_DIR; };
		48BB8E7F263072E200048794 /* AppDelegate.swift */ = {isa = PBXFileReference; lastKnownFileType = sourcecode.swift; path = AppDelegate.swift; sourceTree = "<group>"; };
		48BB8E81263072E200048794 /* SceneDelegate.swift */ = {isa = PBXFileReference; lastKnownFileType = sourcecode.swift; path = SceneDelegate.swift; sourceTree = "<group>"; };
		48BB8E83263072E200048794 /* ViewController.swift */ = {isa = PBXFileReference; lastKnownFileType = sourcecode.swift; path = ViewController.swift; sourceTree = "<group>"; };
		48BB8E86263072E200048794 /* Base */ = {isa = PBXFileReference; lastKnownFileType = file.storyboard; name = Base; path = Base.lproj/Main.storyboard; sourceTree = "<group>"; };
		48BB8E88263072E200048794 /* Assets.xcassets */ = {isa = PBXFileReference; lastKnownFileType = folder.assetcatalog; path = Assets.xcassets; sourceTree = "<group>"; };
		48BB8E8B263072E200048794 /* Base */ = {isa = PBXFileReference; lastKnownFileType = file.storyboard; name = Base; path = Base.lproj/LaunchScreen.storyboard; sourceTree = "<group>"; };
		48BB8E8D263072E200048794 /* Info.plist */ = {isa = PBXFileReference; lastKnownFileType = text.plist.xml; path = Info.plist; sourceTree = "<group>"; };
		48BB8E992631B98D00048794 /* LocationViewController.swift */ = {isa = PBXFileReference; lastKnownFileType = sourcecode.swift; path = LocationViewController.swift; sourceTree = "<group>"; };
		48BB8E9C2631D82100048794 /* AddLocationViewController.swift */ = {isa = PBXFileReference; lastKnownFileType = sourcecode.swift; path = AddLocationViewController.swift; sourceTree = "<group>"; };
		48BB8E9F2631EE7000048794 /* LocationDetailsViewController.swift */ = {isa = PBXFileReference; lastKnownFileType = sourcecode.swift; path = LocationDetailsViewController.swift; sourceTree = "<group>"; };
		6DA262C63BC792CD50893A9E /* Pods-BLAK.release.xcconfig */ = {isa = PBXFileReference; includeInIndex = 1; lastKnownFileType = text.xcconfig; name = "Pods-BLAK.release.xcconfig"; path = "Target Support Files/Pods-BLAK/Pods-BLAK.release.xcconfig"; sourceTree = "<group>"; };
		BA8D73B9960B571CD142119B /* Pods-BLAK.debug.xcconfig */ = {isa = PBXFileReference; includeInIndex = 1; lastKnownFileType = text.xcconfig; name = "Pods-BLAK.debug.xcconfig"; path = "Target Support Files/Pods-BLAK/Pods-BLAK.debug.xcconfig"; sourceTree = "<group>"; };
		CCD9B2BC23E7962CF6E64D16 /* Pods_BLAK.framework */ = {isa = PBXFileReference; explicitFileType = wrapper.framework; includeInIndex = 0; path = Pods_BLAK.framework; sourceTree = BUILT_PRODUCTS_DIR; };
/* End PBXFileReference section */

/* Begin PBXFrameworksBuildPhase section */
		48BB8E79263072E200048794 /* Frameworks */ = {
			isa = PBXFrameworksBuildPhase;
			buildActionMask = 2147483647;
			files = (
				54D353D91AFF7F36CB7BE67B /* Pods_BLAK.framework in Frameworks */,
			);
			runOnlyForDeploymentPostprocessing = 0;
		};
/* End PBXFrameworksBuildPhase section */

/* Begin PBXGroup section */
		48BB8E73263072E200048794 = {
			isa = PBXGroup;
			children = (
				48BB8E7E263072E200048794 /* BLAK */,
				48BB8E7D263072E200048794 /* Products */,
				6BB563EC4FC3B5356939916D /* Pods */,
				F9761EA7E0F570D5B1E9AEFF /* Frameworks */,
			);
			sourceTree = "<group>";
		};
		48BB8E7D263072E200048794 /* Products */ = {
			isa = PBXGroup;
			children = (
				48BB8E7C263072E200048794 /* BLAK.app */,
			);
			name = Products;
			sourceTree = "<group>";
		};
		48BB8E7E263072E200048794 /* BLAK */ = {
			isa = PBXGroup;
			children = (
				48BB8E7F263072E200048794 /* AppDelegate.swift */,
				48BB8E81263072E200048794 /* SceneDelegate.swift */,
				48BB8E83263072E200048794 /* ViewController.swift */,
				48BB8E85263072E200048794 /* Main.storyboard */,
				48BB8E9F2631EE7000048794 /* LocationDetailsViewController.swift */,
				48BB8E9C2631D82100048794 /* AddLocationViewController.swift */,
				48BB8E992631B98D00048794 /* LocationViewController.swift */,
				48BB8E88263072E200048794 /* Assets.xcassets */,
				48BB8E8A263072E200048794 /* LaunchScreen.storyboard */,
				48BB8E8D263072E200048794 /* Info.plist */,
			);
			path = BLAK;
			sourceTree = "<group>";
		};
		6BB563EC4FC3B5356939916D /* Pods */ = {
			isa = PBXGroup;
			children = (
				BA8D73B9960B571CD142119B /* Pods-BLAK.debug.xcconfig */,
				6DA262C63BC792CD50893A9E /* Pods-BLAK.release.xcconfig */,
			);
			path = Pods;
			sourceTree = "<group>";
		};
		F9761EA7E0F570D5B1E9AEFF /* Frameworks */ = {
			isa = PBXGroup;
			children = (
				CCD9B2BC23E7962CF6E64D16 /* Pods_BLAK.framework */,
			);
			name = Frameworks;
			sourceTree = "<group>";
		};
/* End PBXGroup section */

/* Begin PBXNativeTarget section */
		48BB8E7B263072E200048794 /* BLAK */ = {
			isa = PBXNativeTarget;
			buildConfigurationList = 48BB8E90263072E200048794 /* Build configuration list for PBXNativeTarget "BLAK" */;
			buildPhases = (
				527D3761F0D98F388544B30D /* [CP] Check Pods Manifest.lock */,
				48BB8E78263072E200048794 /* Sources */,
				48BB8E79263072E200048794 /* Frameworks */,
				48BB8E7A263072E200048794 /* Resources */,
				CAFD6483C55D0EC8921EADEE /* [CP] Embed Pods Frameworks */,
			);
			buildRules = (
			);
			dependencies = (
			);
			name = BLAK;
			productName = BLAK;
			productReference = 48BB8E7C263072E200048794 /* BLAK.app */;
			productType = "com.apple.product-type.application";
		};
/* End PBXNativeTarget section */

/* Begin PBXProject section */
		48BB8E74263072E200048794 /* Project object */ = {
			isa = PBXProject;
			attributes = {
				LastSwiftUpdateCheck = 1240;
				LastUpgradeCheck = 1240;
				TargetAttributes = {
					48BB8E7B263072E200048794 = {
						CreatedOnToolsVersion = 12.4;
					};
				};
			};
			buildConfigurationList = 48BB8E77263072E200048794 /* Build configuration list for PBXProject "BLAK" */;
			compatibilityVersion = "Xcode 9.3";
			developmentRegion = en;
			hasScannedForEncodings = 0;
			knownRegions = (
				en,
				Base,
			);
			mainGroup = 48BB8E73263072E200048794;
			productRefGroup = 48BB8E7D263072E200048794 /* Products */;
			projectDirPath = "";
			projectRoot = "";
			targets = (
				48BB8E7B263072E200048794 /* BLAK */,
			);
		};
/* End PBXProject section */

/* Begin PBXResourcesBuildPhase section */
		48BB8E7A263072E200048794 /* Resources */ = {
			isa = PBXResourcesBuildPhase;
			buildActionMask = 2147483647;
			files = (
				48BB8E8C263072E200048794 /* LaunchScreen.storyboard in Resources */,
				48BB8E89263072E200048794 /* Assets.xcassets in Resources */,
				48BB8E87263072E200048794 /* Main.storyboard in Resources */,
			);
			runOnlyForDeploymentPostprocessing = 0;
		};
/* End PBXResourcesBuildPhase section */

/* Begin PBXShellScriptBuildPhase section */
		527D3761F0D98F388544B30D /* [CP] Check Pods Manifest.lock */ = {
			isa = PBXShellScriptBuildPhase;
			buildActionMask = 2147483647;
			files = (
			);
			inputFileListPaths = (
			);
			inputPaths = (
				"${PODS_PODFILE_DIR_PATH}/Podfile.lock",
				"${PODS_ROOT}/Manifest.lock",
			);
			name = "[CP] Check Pods Manifest.lock";
			outputFileListPaths = (
			);
			outputPaths = (
				"$(DERIVED_FILE_DIR)/Pods-BLAK-checkManifestLockResult.txt",
			);
			runOnlyForDeploymentPostprocessing = 0;
			shellPath = /bin/sh;
			shellScript = "diff \"${PODS_PODFILE_DIR_PATH}/Podfile.lock\" \"${PODS_ROOT}/Manifest.lock\" > /dev/null\nif [ $? != 0 ] ; then\n    # print error to STDERR\n    echo \"error: The sandbox is not in sync with the Podfile.lock. Run 'pod install' or update your CocoaPods installation.\" >&2\n    exit 1\nfi\n# This output is used by Xcode 'outputs' to avoid re-running this script phase.\necho \"SUCCESS\" > \"${SCRIPT_OUTPUT_FILE_0}\"\n";
			showEnvVarsInLog = 0;
		};
		CAFD6483C55D0EC8921EADEE /* [CP] Embed Pods Frameworks */ = {
			isa = PBXShellScriptBuildPhase;
			buildActionMask = 2147483647;
			files = (
			);
			inputFileListPaths = (
				"${PODS_ROOT}/Target Support Files/Pods-BLAK/Pods-BLAK-frameworks-${CONFIGURATION}-input-files.xcfilelist",
			);
			name = "[CP] Embed Pods Frameworks";
			outputFileListPaths = (
				"${PODS_ROOT}/Target Support Files/Pods-BLAK/Pods-BLAK-frameworks-${CONFIGURATION}-output-files.xcfilelist",
			);
			runOnlyForDeploymentPostprocessing = 0;
			shellPath = /bin/sh;
			shellScript = "\"${PODS_ROOT}/Target Support Files/Pods-BLAK/Pods-BLAK-frameworks.sh\"\n";
			showEnvVarsInLog = 0;
		};
/* End PBXShellScriptBuildPhase section */

/* Begin PBXSourcesBuildPhase section */
		48BB8E78263072E200048794 /* Sources */ = {
			isa = PBXSourcesBuildPhase;
			buildActionMask = 2147483647;
			files = (
				48BB8EA02631EE7000048794 /* LocationDetailsViewController.swift in Sources */,
				48BB8E84263072E200048794 /* ViewController.swift in Sources */,
				48BB8E80263072E200048794 /* AppDelegate.swift in Sources */,
				48BB8E9D2631D82100048794 /* AddLocationViewController.swift in Sources */,
				48BB8E82263072E200048794 /* SceneDelegate.swift in Sources */,
				48BB8E9A2631B98D00048794 /* LocationViewController.swift in Sources */,
			);
			runOnlyForDeploymentPostprocessing = 0;
		};
/* End PBXSourcesBuildPhase section */

/* Begin PBXVariantGroup section */
		48BB8E85263072E200048794 /* Main.storyboard */ = {
			isa = PBXVariantGroup;
			children = (
				48BB8E86263072E200048794 /* Base */,
			);
			name = Main.storyboard;
			sourceTree = "<group>";
		};
		48BB8E8A263072E200048794 /* LaunchScreen.storyboard */ = {
			isa = PBXVariantGroup;
			children = (
				48BB8E8B263072E200048794 /* Base */,
			);
			name = LaunchScreen.storyboard;
			sourceTree = "<group>";
		};
/* End PBXVariantGroup section */

/* Begin XCBuildConfiguration section */
		48BB8E8E263072E200048794 /* Debug */ = {
			isa = XCBuildConfiguration;
			buildSettings = {
				ALWAYS_SEARCH_USER_PATHS = NO;
				CLANG_ANALYZER_NONNULL = YES;
				CLANG_ANALYZER_NUMBER_OBJECT_CONVERSION = YES_AGGRESSIVE;
				CLANG_CXX_LANGUAGE_STANDARD = "gnu++14";
				CLANG_CXX_LIBRARY = "libc++";
				CLANG_ENABLE_MODULES = YES;
				CLANG_ENABLE_OBJC_ARC = YES;
				CLANG_ENABLE_OBJC_WEAK = YES;
				CLANG_WARN_BLOCK_CAPTURE_AUTORELEASING = YES;
				CLANG_WARN_BOOL_CONVERSION = YES;
				CLANG_WARN_COMMA = YES;
				CLANG_WARN_CONSTANT_CONVERSION = YES;
				CLANG_WARN_DEPRECATED_OBJC_IMPLEMENTATIONS = YES;
				CLANG_WARN_DIRECT_OBJC_ISA_USAGE = YES_ERROR;
				CLANG_WARN_DOCUMENTATION_COMMENTS = YES;
				CLANG_WARN_EMPTY_BODY = YES;
				CLANG_WARN_ENUM_CONVERSION = YES;
				CLANG_WARN_INFINITE_RECURSION = YES;
				CLANG_WARN_INT_CONVERSION = YES;
				CLANG_WARN_NON_LITERAL_NULL_CONVERSION = YES;
				CLANG_WARN_OBJC_IMPLICIT_RETAIN_SELF = YES;
				CLANG_WARN_OBJC_LITERAL_CONVERSION = YES;
				CLANG_WARN_OBJC_ROOT_CLASS = YES_ERROR;
				CLANG_WARN_QUOTED_INCLUDE_IN_FRAMEWORK_HEADER = YES;
				CLANG_WARN_RANGE_LOOP_ANALYSIS = YES;
				CLANG_WARN_STRICT_PROTOTYPES = YES;
				CLANG_WARN_SUSPICIOUS_MOVE = YES;
				CLANG_WARN_UNGUARDED_AVAILABILITY = YES_AGGRESSIVE;
				CLANG_WARN_UNREACHABLE_CODE = YES;
				CLANG_WARN__DUPLICATE_METHOD_MATCH = YES;
				COPY_PHASE_STRIP = NO;
				DEBUG_INFORMATION_FORMAT = dwarf;
				ENABLE_STRICT_OBJC_MSGSEND = YES;
				ENABLE_TESTABILITY = YES;
				GCC_C_LANGUAGE_STANDARD = gnu11;
				GCC_DYNAMIC_NO_PIC = NO;
				GCC_NO_COMMON_BLOCKS = YES;
				GCC_OPTIMIZATION_LEVEL = 0;
				GCC_PREPROCESSOR_DEFINITIONS = (
					"DEBUG=1",
					"$(inherited)",
				);
				GCC_WARN_64_TO_32_BIT_CONVERSION = YES;
				GCC_WARN_ABOUT_RETURN_TYPE = YES_ERROR;
				GCC_WARN_UNDECLARED_SELECTOR = YES;
				GCC_WARN_UNINITIALIZED_AUTOS = YES_AGGRESSIVE;
				GCC_WARN_UNUSED_FUNCTION = YES;
				GCC_WARN_UNUSED_VARIABLE = YES;
				IPHONEOS_DEPLOYMENT_TARGET = 14.4;
				MTL_ENABLE_DEBUG_INFO = INCLUDE_SOURCE;
				MTL_FAST_MATH = YES;
				ONLY_ACTIVE_ARCH = YES;
				SDKROOT = iphoneos;
				SWIFT_ACTIVE_COMPILATION_CONDITIONS = DEBUG;
				SWIFT_OPTIMIZATION_LEVEL = "-Onone";
			};
			name = Debug;
		};
		48BB8E8F263072E200048794 /* Release */ = {
			isa = XCBuildConfiguration;
			buildSettings = {
				ALWAYS_SEARCH_USER_PATHS = NO;
				CLANG_ANALYZER_NONNULL = YES;
				CLANG_ANALYZER_NUMBER_OBJECT_CONVERSION = YES_AGGRESSIVE;
				CLANG_CXX_LANGUAGE_STANDARD = "gnu++14";
				CLANG_CXX_LIBRARY = "libc++";
				CLANG_ENABLE_MODULES = YES;
				CLANG_ENABLE_OBJC_ARC = YES;
				CLANG_ENABLE_OBJC_WEAK = YES;
				CLANG_WARN_BLOCK_CAPTURE_AUTORELEASING = YES;
				CLANG_WARN_BOOL_CONVERSION = YES;
				CLANG_WARN_COMMA = YES;
				CLANG_WARN_CONSTANT_CONVERSION = YES;
				CLANG_WARN_DEPRECATED_OBJC_IMPLEMENTATIONS = YES;
				CLANG_WARN_DIRECT_OBJC_ISA_USAGE = YES_ERROR;
				CLANG_WARN_DOCUMENTATION_COMMENTS = YES;
				CLANG_WARN_EMPTY_BODY = YES;
				CLANG_WARN_ENUM_CONVERSION = YES;
				CLANG_WARN_INFINITE_RECURSION = YES;
				CLANG_WARN_INT_CONVERSION = YES;
				CLANG_WARN_NON_LITERAL_NULL_CONVERSION = YES;
				CLANG_WARN_OBJC_IMPLICIT_RETAIN_SELF = YES;
				CLANG_WARN_OBJC_LITERAL_CONVERSION = YES;
				CLANG_WARN_OBJC_ROOT_CLASS = YES_ERROR;
				CLANG_WARN_QUOTED_INCLUDE_IN_FRAMEWORK_HEADER = YES;
				CLANG_WARN_RANGE_LOOP_ANALYSIS = YES;
				CLANG_WARN_STRICT_PROTOTYPES = YES;
				CLANG_WARN_SUSPICIOUS_MOVE = YES;
				CLANG_WARN_UNGUARDED_AVAILABILITY = YES_AGGRESSIVE;
				CLANG_WARN_UNREACHABLE_CODE = YES;
				CLANG_WARN__DUPLICATE_METHOD_MATCH = YES;
				COPY_PHASE_STRIP = NO;
				DEBUG_INFORMATION_FORMAT = "dwarf-with-dsym";
				ENABLE_NS_ASSERTIONS = NO;
				ENABLE_STRICT_OBJC_MSGSEND = YES;
				GCC_C_LANGUAGE_STANDARD = gnu11;
				GCC_NO_COMMON_BLOCKS = YES;
				GCC_WARN_64_TO_32_BIT_CONVERSION = YES;
				GCC_WARN_ABOUT_RETURN_TYPE = YES_ERROR;
				GCC_WARN_UNDECLARED_SELECTOR = YES;
				GCC_WARN_UNINITIALIZED_AUTOS = YES_AGGRESSIVE;
				GCC_WARN_UNUSED_FUNCTION = YES;
				GCC_WARN_UNUSED_VARIABLE = YES;
				IPHONEOS_DEPLOYMENT_TARGET = 14.4;
				MTL_ENABLE_DEBUG_INFO = NO;
				MTL_FAST_MATH = YES;
				SDKROOT = iphoneos;
				SWIFT_COMPILATION_MODE = wholemodule;
				SWIFT_OPTIMIZATION_LEVEL = "-O";
				VALIDATE_PRODUCT = YES;
			};
			name = Release;
		};
		48BB8E91263072E200048794 /* Debug */ = {
			isa = XCBuildConfiguration;
			baseConfigurationReference = BA8D73B9960B571CD142119B /* Pods-BLAK.debug.xcconfig */;
			buildSettings = {
				ASSETCATALOG_COMPILER_APPICON_NAME = AppIcon;
				ASSETCATALOG_COMPILER_GLOBAL_ACCENT_COLOR_NAME = AccentColor;
				CODE_SIGN_STYLE = Automatic;
				DEVELOPMENT_TEAM = VULXYT22XS;
				INFOPLIST_FILE = BLAK/Info.plist;
				LD_RUNPATH_SEARCH_PATHS = (
					"$(inherited)",
					"@executable_path/Frameworks",
				);
				PRODUCT_BUNDLE_IDENTIFIER = com.jbondconsulting.BLAK;
				PRODUCT_NAME = "$(TARGET_NAME)";
				SWIFT_VERSION = 5.0;
				TARGETED_DEVICE_FAMILY = "1,2";
			};
			name = Debug;
		};
		48BB8E92263072E200048794 /* Release */ = {
			isa = XCBuildConfiguration;
			baseConfigurationReference = 6DA262C63BC792CD50893A9E /* Pods-BLAK.release.xcconfig */;
			buildSettings = {
				ASSETCATALOG_COMPILER_APPICON_NAME = AppIcon;
				ASSETCATALOG_COMPILER_GLOBAL_ACCENT_COLOR_NAME = AccentColor;
				CODE_SIGN_STYLE = Automatic;
				DEVELOPMENT_TEAM = VULXYT22XS;
				INFOPLIST_FILE = BLAK/Info.plist;
				LD_RUNPATH_SEARCH_PATHS = (
					"$(inherited)",
					"@executable_path/Frameworks",
				);
				PRODUCT_BUNDLE_IDENTIFIER = com.jbondconsulting.BLAK;
				PRODUCT_NAME = "$(TARGET_NAME)";
				SWIFT_VERSION = 5.0;
				TARGETED_DEVICE_FAMILY = "1,2";
			};
			name = Release;
		};
/* End XCBuildConfiguration section */

/* Begin XCConfigurationList section */
		48BB8E77263072E200048794 /* Build configuration list for PBXProject "BLAK" */ = {
			isa = XCConfigurationList;
			buildConfigurations = (
				48BB8E8E263072E200048794 /* Debug */,
				48BB8E8F263072E200048794 /* Release */,
			);
			defaultConfigurationIsVisible = 0;
			defaultConfigurationName = Release;
		};
		48BB8E90263072E200048794 /* Build configuration list for PBXNativeTarget "BLAK" */ = {
			isa = XCConfigurationList;
			buildConfigurations = (
				48BB8E91263072E200048794 /* Debug */,
				48BB8E92263072E200048794 /* Release */,
			);
			defaultConfigurationIsVisible = 0;
			defaultConfigurationName = Release;
		};
/* End XCConfigurationList section */
	};
	rootObject = 48BB8E74263072E200048794 /* Project object */;
}
